// !$*UTF8*$!
{
	archiveVersion = 1;
	classes = {
	};
	objectVersion = 55;
	objects = {

/* Begin PBXBuildFile section */
		8D8D880EF5EA66BA9AF59CFB /* Pods_InnowiseWeather.framework in Frameworks */ = {isa = PBXBuildFile; fileRef = 82D7C53FAED140E6F5AB3FAD /* Pods_InnowiseWeather.framework */; };
		F15F2B5627413D2F009DFBF8 /* TodayWeatherVC.swift in Sources */ = {isa = PBXBuildFile; fileRef = F15F2B5527413D2F009DFBF8 /* TodayWeatherVC.swift */; };
		F15F2B5827413D5F009DFBF8 /* ForecastWeatherVC.swift in Sources */ = {isa = PBXBuildFile; fileRef = F15F2B5727413D5F009DFBF8 /* ForecastWeatherVC.swift */; };
		F1639D27273EF3F000573C30 /* AppDelegate.swift in Sources */ = {isa = PBXBuildFile; fileRef = F1639D26273EF3F000573C30 /* AppDelegate.swift */; };
		F1639D29273EF3F000573C30 /* SceneDelegate.swift in Sources */ = {isa = PBXBuildFile; fileRef = F1639D28273EF3F000573C30 /* SceneDelegate.swift */; };
		F1639D30273EF3F300573C30 /* Assets.xcassets in Resources */ = {isa = PBXBuildFile; fileRef = F1639D2F273EF3F300573C30 /* Assets.xcassets */; };
		F1639D33273EF3F300573C30 /* LaunchScreen.storyboard in Resources */ = {isa = PBXBuildFile; fileRef = F1639D31273EF3F300573C30 /* LaunchScreen.storyboard */; };
		F1639D3B273EF44100573C30 /* TabBarController.swift in Sources */ = {isa = PBXBuildFile; fileRef = F1639D3A273EF44100573C30 /* TabBarController.swift */; };
/* End PBXBuildFile section */

/* Begin PBXFileReference section */
		11774A1FA16F2AB5A11CB401 /* Pods-InnowiseWeather.release.xcconfig */ = {isa = PBXFileReference; includeInIndex = 1; lastKnownFileType = text.xcconfig; name = "Pods-InnowiseWeather.release.xcconfig"; path = "Target Support Files/Pods-InnowiseWeather/Pods-InnowiseWeather.release.xcconfig"; sourceTree = "<group>"; };
		82D7C53FAED140E6F5AB3FAD /* Pods_InnowiseWeather.framework */ = {isa = PBXFileReference; explicitFileType = wrapper.framework; includeInIndex = 0; path = Pods_InnowiseWeather.framework; sourceTree = BUILT_PRODUCTS_DIR; };
		A9D60D43B0EFAF6B0F1ED85A /* Pods-InnowiseWeather.debug.xcconfig */ = {isa = PBXFileReference; includeInIndex = 1; lastKnownFileType = text.xcconfig; name = "Pods-InnowiseWeather.debug.xcconfig"; path = "Target Support Files/Pods-InnowiseWeather/Pods-InnowiseWeather.debug.xcconfig"; sourceTree = "<group>"; };
		F15F2B5527413D2F009DFBF8 /* TodayWeatherVC.swift */ = {isa = PBXFileReference; lastKnownFileType = sourcecode.swift; path = TodayWeatherVC.swift; sourceTree = "<group>"; };
		F15F2B5727413D5F009DFBF8 /* ForecastWeatherVC.swift */ = {isa = PBXFileReference; lastKnownFileType = sourcecode.swift; path = ForecastWeatherVC.swift; sourceTree = "<group>"; };
		F1639D23273EF3F000573C30 /* InnowiseWeather.app */ = {isa = PBXFileReference; explicitFileType = wrapper.application; includeInIndex = 0; path = InnowiseWeather.app; sourceTree = BUILT_PRODUCTS_DIR; };
		F1639D26273EF3F000573C30 /* AppDelegate.swift */ = {isa = PBXFileReference; lastKnownFileType = sourcecode.swift; path = AppDelegate.swift; sourceTree = "<group>"; };
		F1639D28273EF3F000573C30 /* SceneDelegate.swift */ = {isa = PBXFileReference; lastKnownFileType = sourcecode.swift; path = SceneDelegate.swift; sourceTree = "<group>"; };
		F1639D2F273EF3F300573C30 /* Assets.xcassets */ = {isa = PBXFileReference; lastKnownFileType = folder.assetcatalog; path = Assets.xcassets; sourceTree = "<group>"; };
		F1639D32273EF3F300573C30 /* Base */ = {isa = PBXFileReference; lastKnownFileType = file.storyboard; name = Base; path = Base.lproj/LaunchScreen.storyboard; sourceTree = "<group>"; };
		F1639D34273EF3F300573C30 /* Info.plist */ = {isa = PBXFileReference; lastKnownFileType = text.plist.xml; path = Info.plist; sourceTree = "<group>"; };
		F1639D3A273EF44100573C30 /* TabBarController.swift */ = {isa = PBXFileReference; lastKnownFileType = sourcecode.swift; path = TabBarController.swift; sourceTree = "<group>"; };
/* End PBXFileReference section */

/* Begin PBXFrameworksBuildPhase section */
		F1639D20273EF3F000573C30 /* Frameworks */ = {
			isa = PBXFrameworksBuildPhase;
			buildActionMask = 2147483647;
			files = (
				8D8D880EF5EA66BA9AF59CFB /* Pods_InnowiseWeather.framework in Frameworks */,
			);
			runOnlyForDeploymentPostprocessing = 0;
		};
/* End PBXFrameworksBuildPhase section */

/* Begin PBXGroup section */
		633ABB9F0F0218142B23FB50 /* Pods */ = {
			isa = PBXGroup;
			children = (
				A9D60D43B0EFAF6B0F1ED85A /* Pods-InnowiseWeather.debug.xcconfig */,
				11774A1FA16F2AB5A11CB401 /* Pods-InnowiseWeather.release.xcconfig */,
			);
			path = Pods;
			sourceTree = "<group>";
		};
		BF9B116C2CFE7F042980E576 /* Frameworks */ = {
			isa = PBXGroup;
			children = (
				82D7C53FAED140E6F5AB3FAD /* Pods_InnowiseWeather.framework */,
			);
			name = Frameworks;
			sourceTree = "<group>";
		};
		F1639D1A273EF3F000573C30 = {
			isa = PBXGroup;
			children = (
				F1639D25273EF3F000573C30 /* InnowiseWeather */,
				F1639D24273EF3F000573C30 /* Products */,
				633ABB9F0F0218142B23FB50 /* Pods */,
				BF9B116C2CFE7F042980E576 /* Frameworks */,
			);
			sourceTree = "<group>";
		};
		F1639D24273EF3F000573C30 /* Products */ = {
			isa = PBXGroup;
			children = (
				F1639D23273EF3F000573C30 /* InnowiseWeather.app */,
			);
			name = Products;
			sourceTree = "<group>";
		};
		F1639D25273EF3F000573C30 /* InnowiseWeather */ = {
			isa = PBXGroup;
			children = (
				F1639D26273EF3F000573C30 /* AppDelegate.swift */,
				F1639D28273EF3F000573C30 /* SceneDelegate.swift */,
				F1639D2F273EF3F300573C30 /* Assets.xcassets */,
				F1639D31273EF3F300573C30 /* LaunchScreen.storyboard */,
				F1639D34273EF3F300573C30 /* Info.plist */,
				F1639D3A273EF44100573C30 /* TabBarController.swift */,
				F15F2B5527413D2F009DFBF8 /* TodayWeatherVC.swift */,
				F15F2B5727413D5F009DFBF8 /* ForecastWeatherVC.swift */,
			);
			path = InnowiseWeather;
			sourceTree = "<group>";
		};
/* End PBXGroup section */

/* Begin PBXNativeTarget section */
		F1639D22273EF3F000573C30 /* InnowiseWeather */ = {
			isa = PBXNativeTarget;
			buildConfigurationList = F1639D37273EF3F300573C30 /* Build configuration list for PBXNativeTarget "InnowiseWeather" */;
			buildPhases = (
				1A926B9DC19C088686CAD20B /* [CP] Check Pods Manifest.lock */,
				F1639D1F273EF3F000573C30 /* Sources */,
				F1639D20273EF3F000573C30 /* Frameworks */,
				F1639D21273EF3F000573C30 /* Resources */,
				E251EBD0C35621D304DF3E5D /* [CP] Embed Pods Frameworks */,
			);
			buildRules = (
			);
			dependencies = (
			);
			name = InnowiseWeather;
			productName = InnowiseWeather;
			productReference = F1639D23273EF3F000573C30 /* InnowiseWeather.app */;
			productType = "com.apple.product-type.application";
		};
/* End PBXNativeTarget section */

/* Begin PBXProject section */
		F1639D1B273EF3F000573C30 /* Project object */ = {
			isa = PBXProject;
			attributes = {
				BuildIndependentTargetsInParallel = 1;
				LastSwiftUpdateCheck = 1300;
				LastUpgradeCheck = 1300;
				TargetAttributes = {
					F1639D22273EF3F000573C30 = {
						CreatedOnToolsVersion = 13.0;
					};
				};
			};
			buildConfigurationList = F1639D1E273EF3F000573C30 /* Build configuration list for PBXProject "InnowiseWeather" */;
			compatibilityVersion = "Xcode 13.0";
			developmentRegion = en;
			hasScannedForEncodings = 0;
			knownRegions = (
				en,
				Base,
			);
			mainGroup = F1639D1A273EF3F000573C30;
			productRefGroup = F1639D24273EF3F000573C30 /* Products */;
			projectDirPath = "";
			projectRoot = "";
			targets = (
				F1639D22273EF3F000573C30 /* InnowiseWeather */,
			);
		};
/* End PBXProject section */

/* Begin PBXResourcesBuildPhase section */
		F1639D21273EF3F000573C30 /* Resources */ = {
			isa = PBXResourcesBuildPhase;
			buildActionMask = 2147483647;
			files = (
				F1639D33273EF3F300573C30 /* LaunchScreen.storyboard in Resources */,
				F1639D30273EF3F300573C30 /* Assets.xcassets in Resources */,
			);
			runOnlyForDeploymentPostprocessing = 0;
		};
/* End PBXResourcesBuildPhase section */

/* Begin PBXShellScriptBuildPhase section */
		1A926B9DC19C088686CAD20B /* [CP] Check Pods Manifest.lock */ = {
			isa = PBXShellScriptBuildPhase;
			buildActionMask = 2147483647;
			files = (
			);
			inputFileListPaths = (
			);
			inputPaths = (
				"${PODS_PODFILE_DIR_PATH}/Podfile.lock",
				"${PODS_ROOT}/Manifest.lock",
			);
			name = "[CP] Check Pods Manifest.lock";
			outputFileListPaths = (
			);
			outputPaths = (
				"$(DERIVED_FILE_DIR)/Pods-InnowiseWeather-checkManifestLockResult.txt",
			);
			runOnlyForDeploymentPostprocessing = 0;
			shellPath = /bin/sh;
			shellScript = "diff \"${PODS_PODFILE_DIR_PATH}/Podfile.lock\" \"${PODS_ROOT}/Manifest.lock\" > /dev/null\nif [ $? != 0 ] ; then\n    # print error to STDERR\n    echo \"error: The sandbox is not in sync with the Podfile.lock. Run 'pod install' or update your CocoaPods installation.\" >&2\n    exit 1\nfi\n# This output is used by Xcode 'outputs' to avoid re-running this script phase.\necho \"SUCCESS\" > \"${SCRIPT_OUTPUT_FILE_0}\"\n";
			showEnvVarsInLog = 0;
		};
		E251EBD0C35621D304DF3E5D /* [CP] Embed Pods Frameworks */ = {
			isa = PBXShellScriptBuildPhase;
			buildActionMask = 2147483647;
			files = (
			);
			inputFileListPaths = (
				"${PODS_ROOT}/Target Support Files/Pods-InnowiseWeather/Pods-InnowiseWeather-frameworks-${CONFIGURATION}-input-files.xcfilelist",
			);
			name = "[CP] Embed Pods Frameworks";
			outputFileListPaths = (
				"${PODS_ROOT}/Target Support Files/Pods-InnowiseWeather/Pods-InnowiseWeather-frameworks-${CONFIGURATION}-output-files.xcfilelist",
			);
			runOnlyForDeploymentPostprocessing = 0;
			shellPath = /bin/sh;
			shellScript = "\"${PODS_ROOT}/Target Support Files/Pods-InnowiseWeather/Pods-InnowiseWeather-frameworks.sh\"\n";
			showEnvVarsInLog = 0;
		};
/* End PBXShellScriptBuildPhase section */

/* Begin PBXSourcesBuildPhase section */
		F1639D1F273EF3F000573C30 /* Sources */ = {
			isa = PBXSourcesBuildPhase;
			buildActionMask = 2147483647;
			files = (
				F15F2B5627413D2F009DFBF8 /* TodayWeatherVC.swift in Sources */,
				F1639D3B273EF44100573C30 /* TabBarController.swift in Sources */,
				F1639D27273EF3F000573C30 /* AppDelegate.swift in Sources */,
				F15F2B5827413D5F009DFBF8 /* ForecastWeatherVC.swift in Sources */,
				F1639D29273EF3F000573C30 /* SceneDelegate.swift in Sources */,
			);
			runOnlyForDeploymentPostprocessing = 0;
		};
/* End PBXSourcesBuildPhase section */

/* Begin PBXVariantGroup section */
		F1639D31273EF3F300573C30 /* LaunchScreen.storyboard */ = {
			isa = PBXVariantGroup;
			children = (
				F1639D32273EF3F300573C30 /* Base */,
			);
			name = LaunchScreen.storyboard;
			sourceTree = "<group>";
		};
/* End PBXVariantGroup section */

/* Begin XCBuildConfiguration section */
		F1639D35273EF3F300573C30 /* Debug */ = {
			isa = XCBuildConfiguration;
			buildSettings = {
				ALWAYS_SEARCH_USER_PATHS = NO;
				CLANG_ANALYZER_NONNULL = YES;
				CLANG_ANALYZER_NUMBER_OBJECT_CONVERSION = YES_AGGRESSIVE;
				CLANG_CXX_LANGUAGE_STANDARD = "gnu++17";
				CLANG_CXX_LIBRARY = "libc++";
				CLANG_ENABLE_MODULES = YES;
				CLANG_ENABLE_OBJC_ARC = YES;
				CLANG_ENABLE_OBJC_WEAK = YES;
				CLANG_WARN_BLOCK_CAPTURE_AUTORELEASING = YES;
				CLANG_WARN_BOOL_CONVERSION = YES;
				CLANG_WARN_COMMA = YES;
				CLANG_WARN_CONSTANT_CONVERSION = YES;
				CLANG_WARN_DEPRECATED_OBJC_IMPLEMENTATIONS = YES;
				CLANG_WARN_DIRECT_OBJC_ISA_USAGE = YES_ERROR;
				CLANG_WARN_DOCUMENTATION_COMMENTS = YES;
				CLANG_WARN_EMPTY_BODY = YES;
				CLANG_WARN_ENUM_CONVERSION = YES;
				CLANG_WARN_INFINITE_RECURSION = YES;
				CLANG_WARN_INT_CONVERSION = YES;
				CLANG_WARN_NON_LITERAL_NULL_CONVERSION = YES;
				CLANG_WARN_OBJC_IMPLICIT_RETAIN_SELF = YES;
				CLANG_WARN_OBJC_LITERAL_CONVERSION = YES;
				CLANG_WARN_OBJC_ROOT_CLASS = YES_ERROR;
				CLANG_WARN_QUOTED_INCLUDE_IN_FRAMEWORK_HEADER = YES;
				CLANG_WARN_RANGE_LOOP_ANALYSIS = YES;
				CLANG_WARN_STRICT_PROTOTYPES = YES;
				CLANG_WARN_SUSPICIOUS_MOVE = YES;
				CLANG_WARN_UNGUARDED_AVAILABILITY = YES_AGGRESSIVE;
				CLANG_WARN_UNREACHABLE_CODE = YES;
				CLANG_WARN__DUPLICATE_METHOD_MATCH = YES;
				COPY_PHASE_STRIP = NO;
				DEBUG_INFORMATION_FORMAT = dwarf;
				ENABLE_STRICT_OBJC_MSGSEND = YES;
				ENABLE_TESTABILITY = YES;
				GCC_C_LANGUAGE_STANDARD = gnu11;
				GCC_DYNAMIC_NO_PIC = NO;
				GCC_NO_COMMON_BLOCKS = YES;
				GCC_OPTIMIZATION_LEVEL = 0;
				GCC_PREPROCESSOR_DEFINITIONS = (
					"DEBUG=1",
					"$(inherited)",
				);
				GCC_WARN_64_TO_32_BIT_CONVERSION = YES;
				GCC_WARN_ABOUT_RETURN_TYPE = YES_ERROR;
				GCC_WARN_UNDECLARED_SELECTOR = YES;
				GCC_WARN_UNINITIALIZED_AUTOS = YES_AGGRESSIVE;
				GCC_WARN_UNUSED_FUNCTION = YES;
				GCC_WARN_UNUSED_VARIABLE = YES;
				IPHONEOS_DEPLOYMENT_TARGET = 15.0;
				MTL_ENABLE_DEBUG_INFO = INCLUDE_SOURCE;
				MTL_FAST_MATH = YES;
				ONLY_ACTIVE_ARCH = YES;
				SDKROOT = iphoneos;
				SWIFT_ACTIVE_COMPILATION_CONDITIONS = DEBUG;
				SWIFT_OPTIMIZATION_LEVEL = "-Onone";
			};
			name = Debug;
		};
		F1639D36273EF3F300573C30 /* Release */ = {
			isa = XCBuildConfiguration;
			buildSettings = {
				ALWAYS_SEARCH_USER_PATHS = NO;
				CLANG_ANALYZER_NONNULL = YES;
				CLANG_ANALYZER_NUMBER_OBJECT_CONVERSION = YES_AGGRESSIVE;
				CLANG_CXX_LANGUAGE_STANDARD = "gnu++17";
				CLANG_CXX_LIBRARY = "libc++";
				CLANG_ENABLE_MODULES = YES;
				CLANG_ENABLE_OBJC_ARC = YES;
				CLANG_ENABLE_OBJC_WEAK = YES;
				CLANG_WARN_BLOCK_CAPTURE_AUTORELEASING = YES;
				CLANG_WARN_BOOL_CONVERSION = YES;
				CLANG_WARN_COMMA = YES;
				CLANG_WARN_CONSTANT_CONVERSION = YES;
				CLANG_WARN_DEPRECATED_OBJC_IMPLEMENTATIONS = YES;
				CLANG_WARN_DIRECT_OBJC_ISA_USAGE = YES_ERROR;
				CLANG_WARN_DOCUMENTATION_COMMENTS = YES;
				CLANG_WARN_EMPTY_BODY = YES;
				CLANG_WARN_ENUM_CONVERSION = YES;
				CLANG_WARN_INFINITE_RECURSION = YES;
				CLANG_WARN_INT_CONVERSION = YES;
				CLANG_WARN_NON_LITERAL_NULL_CONVERSION = YES;
				CLANG_WARN_OBJC_IMPLICIT_RETAIN_SELF = YES;
				CLANG_WARN_OBJC_LITERAL_CONVERSION = YES;
				CLANG_WARN_OBJC_ROOT_CLASS = YES_ERROR;
				CLANG_WARN_QUOTED_INCLUDE_IN_FRAMEWORK_HEADER = YES;
				CLANG_WARN_RANGE_LOOP_ANALYSIS = YES;
				CLANG_WARN_STRICT_PROTOTYPES = YES;
				CLANG_WARN_SUSPICIOUS_MOVE = YES;
				CLANG_WARN_UNGUARDED_AVAILABILITY = YES_AGGRESSIVE;
				CLANG_WARN_UNREACHABLE_CODE = YES;
				CLANG_WARN__DUPLICATE_METHOD_MATCH = YES;
				COPY_PHASE_STRIP = NO;
				DEBUG_INFORMATION_FORMAT = "dwarf-with-dsym";
				ENABLE_NS_ASSERTIONS = NO;
				ENABLE_STRICT_OBJC_MSGSEND = YES;
				GCC_C_LANGUAGE_STANDARD = gnu11;
				GCC_NO_COMMON_BLOCKS = YES;
				GCC_WARN_64_TO_32_BIT_CONVERSION = YES;
				GCC_WARN_ABOUT_RETURN_TYPE = YES_ERROR;
				GCC_WARN_UNDECLARED_SELECTOR = YES;
				GCC_WARN_UNINITIALIZED_AUTOS = YES_AGGRESSIVE;
				GCC_WARN_UNUSED_FUNCTION = YES;
				GCC_WARN_UNUSED_VARIABLE = YES;
				IPHONEOS_DEPLOYMENT_TARGET = 15.0;
				MTL_ENABLE_DEBUG_INFO = NO;
				MTL_FAST_MATH = YES;
				SDKROOT = iphoneos;
				SWIFT_COMPILATION_MODE = wholemodule;
				SWIFT_OPTIMIZATION_LEVEL = "-O";
				VALIDATE_PRODUCT = YES;
			};
			name = Release;
		};
		F1639D38273EF3F300573C30 /* Debug */ = {
			isa = XCBuildConfiguration;
			baseConfigurationReference = A9D60D43B0EFAF6B0F1ED85A /* Pods-InnowiseWeather.debug.xcconfig */;
			buildSettings = {
				ASSETCATALOG_COMPILER_APPICON_NAME = AppIcon;
				ASSETCATALOG_COMPILER_GLOBAL_ACCENT_COLOR_NAME = AccentColor;
				CODE_SIGN_STYLE = Automatic;
				CURRENT_PROJECT_VERSION = 1;
				DEVELOPMENT_TEAM = XH4QM29G34;
				GENERATE_INFOPLIST_FILE = YES;
				INFOPLIST_FILE = InnowiseWeather/Info.plist;
				INFOPLIST_KEY_UIApplicationSupportsIndirectInputEvents = YES;
				INFOPLIST_KEY_UILaunchStoryboardName = LaunchScreen;
				INFOPLIST_KEY_UISupportedInterfaceOrientations_iPad = "UIInterfaceOrientationPortrait UIInterfaceOrientationPortraitUpsideDown UIInterfaceOrientationLandscapeLeft UIInterfaceOrientationLandscapeRight";
				INFOPLIST_KEY_UISupportedInterfaceOrientations_iPhone = "UIInterfaceOrientationPortrait UIInterfaceOrientationLandscapeLeft UIInterfaceOrientationLandscapeRight";
				LD_RUNPATH_SEARCH_PATHS = (
					"$(inherited)",
					"@executable_path/Frameworks",
				);
				MARKETING_VERSION = 1.0;
				PRODUCT_BUNDLE_IDENTIFIER = com.yourcompany.tms.InnowiseWeather;
				PRODUCT_NAME = "$(TARGET_NAME)";
				SWIFT_EMIT_LOC_STRINGS = YES;
				SWIFT_VERSION = 5.0;
				TARGETED_DEVICE_FAMILY = "1,2";
			};
			name = Debug;
		};
		F1639D39273EF3F300573C30 /* Release */ = {
			isa = XCBuildConfiguration;
			baseConfigurationReference = 11774A1FA16F2AB5A11CB401 /* Pods-InnowiseWeather.release.xcconfig */;
			buildSettings = {
				ASSETCATALOG_COMPILER_APPICON_NAME = AppIcon;
				ASSETCATALOG_COMPILER_GLOBAL_ACCENT_COLOR_NAME = AccentColor;
				CODE_SIGN_STYLE = Automatic;
				CURRENT_PROJECT_VERSION = 1;
				DEVELOPMENT_TEAM = XH4QM29G34;
				GENERATE_INFOPLIST_FILE = YES;
				INFOPLIST_FILE = InnowiseWeather/Info.plist;
				INFOPLIST_KEY_UIApplicationSupportsIndirectInputEvents = YES;
				INFOPLIST_KEY_UILaunchStoryboardName = LaunchScreen;
				INFOPLIST_KEY_UISupportedInterfaceOrientations_iPad = "UIInterfaceOrientationPortrait UIInterfaceOrientationPortraitUpsideDown UIInterfaceOrientationLandscapeLeft UIInterfaceOrientationLandscapeRight";
				INFOPLIST_KEY_UISupportedInterfaceOrientations_iPhone = "UIInterfaceOrientationPortrait UIInterfaceOrientationLandscapeLeft UIInterfaceOrientationLandscapeRight";
				LD_RUNPATH_SEARCH_PATHS = (
					"$(inherited)",
					"@executable_path/Frameworks",
				);
				MARKETING_VERSION = 1.0;
				PRODUCT_BUNDLE_IDENTIFIER = com.yourcompany.tms.InnowiseWeather;
				PRODUCT_NAME = "$(TARGET_NAME)";
				SWIFT_EMIT_LOC_STRINGS = YES;
				SWIFT_VERSION = 5.0;
				TARGETED_DEVICE_FAMILY = "1,2";
			};
			name = Release;
		};
/* End XCBuildConfiguration section */

/* Begin XCConfigurationList section */
		F1639D1E273EF3F000573C30 /* Build configuration list for PBXProject "InnowiseWeather" */ = {
			isa = XCConfigurationList;
			buildConfigurations = (
				F1639D35273EF3F300573C30 /* Debug */,
				F1639D36273EF3F300573C30 /* Release */,
			);
			defaultConfigurationIsVisible = 0;
			defaultConfigurationName = Release;
		};
		F1639D37273EF3F300573C30 /* Build configuration list for PBXNativeTarget "InnowiseWeather" */ = {
			isa = XCConfigurationList;
			buildConfigurations = (
				F1639D38273EF3F300573C30 /* Debug */,
				F1639D39273EF3F300573C30 /* Release */,
			);
			defaultConfigurationIsVisible = 0;
			defaultConfigurationName = Release;
		};
/* End XCConfigurationList section */
	};
	rootObject = F1639D1B273EF3F000573C30 /* Project object */;
}
